
Microsoft Visual Studio Solution File, Format Version 12.00
# Visual Studio Version 16
VisualStudioVersion = 25.0.1705.3
MinimumVisualStudioVersion = 10.0.40219.1
Project("{FAE04EC0-301F-11D3-BF4B-00C04F79EFBC}") = "MovieAPI", "MovieAPI.csproj", "{68A2E8DE-23CB-441B-BB48-C2C5A4798B87}"
EndProject
Global
	GlobalSection(SolutionConfigurationPlatforms) = preSolution
		Debug|Any CPU = Debug|Any CPU
		Release|Any CPU = Release|Any CPU
	EndGlobalSection
	GlobalSection(ProjectConfigurationPlatforms) = postSolution
		{68A2E8DE-23CB-441B-BB48-C2C5A4798B87}.Debug|Any CPU.ActiveCfg = Debug|Any CPU
		{68A2E8DE-23CB-441B-BB48-C2C5A4798B87}.Debug|Any CPU.Build.0 = Debug|Any CPU
		{68A2E8DE-23CB-441B-BB48-C2C5A4798B87}.Release|Any CPU.ActiveCfg = Release|Any CPU
		{68A2E8DE-23CB-441B-BB48-C2C5A4798B87}.Release|Any CPU.Build.0 = Release|Any CPU
	EndGlobalSection
	GlobalSection(SolutionProperties) = preSolution
		HideSolutionNode = FALSE
	EndGlobalSection
	GlobalSection(ExtensibilityGlobals) = postSolution
		SolutionGuid = {0679B59B-73C4-4761-AC96-B42581B53309}
	EndGlobalSection
EndGlobal
